{
    "_readme": [
        "This file locks the dependencies of your project to a known state",
        "Read more about it at https://getcomposer.org/doc/01-basic-usage.md#installing-dependencies",
        "This file is @generated automatically"
    ],
    "content-hash": "0ac3bb4c73b3cb38c221b8867e136b00",
    "packages": [
        {
            "name": "marsapp/timeperiodhelper",
            "version": "0.6.0",
            "source": {
                "type": "git",
                "url": "https://github.com/marshung24/TimePeriodHelper.git",
                "reference": "4afdca9c58879837257a99d27bd8b7098e824cd8"
            },
            "dist": {
                "type": "zip",
                "url": "https://api.github.com/repos/marshung24/TimePeriodHelper/zipball/4afdca9c58879837257a99d27bd8b7098e824cd8",
                "reference": "4afdca9c58879837257a99d27bd8b7098e824cd8",
                "shasum": ""
            },
            "require": {
                "php": "^7.0"
            },
            "require-dev": {
                "phpunit/phpunit": "^6"
            },
            "type": "library",
            "autoload": {
                "psr-4": {
                    "marsapp\\helper\\timeperiod\\": "src"
                }
            },
            "notification-url": "https://packagist.org/downloads/",
            "license": [
                "MIT"
            ],
            "authors": [
                {
                    "name": "Mars Hung",
                    "email": "tfaredxj@gmail.com"
                }
            ],
            "description": "TimePeriodHelper library provides functions such as sorting, union, difference, intersection, and calculation time.",
            "homepage": "https://github.com/marshung24/TimePeriodHelper",
            "time": "2019-07-06T19:11:13+00:00"
        }
    ],
    "packages-dev": [],
    "aliases": [],
    "minimum-stability": "stable",
    "stability-flags": [],
    "prefer-stable": false,
    "prefer-lowest": false,
    "platform": [],
    "platform-dev": []
}
